// !$*UTF8*$!
{
	archiveVersion = 1;
	classes = {
	};
	objectVersion = 46;
	objects = {

/* Begin PBXBuildFile section */
		1684CBDD1D8AF28100C81EAD /* AppDelegate.swift in Sources */ = {isa = PBXBuildFile; fileRef = 1684CBDC1D8AF28100C81EAD /* AppDelegate.swift */; };
		1684CBDF1D8AF28100C81EAD /* SignInVC.swift in Sources */ = {isa = PBXBuildFile; fileRef = 1684CBDE1D8AF28100C81EAD /* SignInVC.swift */; };
		1684CBE21D8AF28100C81EAD /* Main.storyboard in Resources */ = {isa = PBXBuildFile; fileRef = 1684CBE01D8AF28100C81EAD /* Main.storyboard */; };
		1684CBE41D8AF28100C81EAD /* Assets.xcassets in Resources */ = {isa = PBXBuildFile; fileRef = 1684CBE31D8AF28100C81EAD /* Assets.xcassets */; };
		1684CBE71D8AF28100C81EAD /* LaunchScreen.storyboard in Resources */ = {isa = PBXBuildFile; fileRef = 1684CBE51D8AF28100C81EAD /* LaunchScreen.storyboard */; };
		1684CBF01D8AF4E300C81EAD /* GoogleService-Info.plist in Resources */ = {isa = PBXBuildFile; fileRef = 1684CBEF1D8AF4E300C81EAD /* GoogleService-Info.plist */; };
		16C85CA51D8B15F2004C7908 /* Yahoo.ttf in Resources */ = {isa = PBXBuildFile; fileRef = 16C85CA41D8B1582004C7908 /* Yahoo.ttf */; };
		A2F4ED983675C6598CC1EC60 /* Pods_Plink.framework in Frameworks */ = {isa = PBXBuildFile; fileRef = 65E4F93F22EDA7139CED9927 /* Pods_Plink.framework */; };
/* End PBXBuildFile section */

/* Begin PBXFileReference section */
		1684CBD91D8AF28100C81EAD /* Plink.app */ = {isa = PBXFileReference; explicitFileType = wrapper.application; includeInIndex = 0; path = Plink.app; sourceTree = BUILT_PRODUCTS_DIR; };
		1684CBDC1D8AF28100C81EAD /* AppDelegate.swift */ = {isa = PBXFileReference; lastKnownFileType = sourcecode.swift; path = AppDelegate.swift; sourceTree = "<group>"; };
		1684CBDE1D8AF28100C81EAD /* SignInVC.swift */ = {isa = PBXFileReference; lastKnownFileType = sourcecode.swift; path = SignInVC.swift; sourceTree = "<group>"; };
		1684CBE11D8AF28100C81EAD /* Base */ = {isa = PBXFileReference; lastKnownFileType = file.storyboard; name = Base; path = Base.lproj/Main.storyboard; sourceTree = "<group>"; };
		1684CBE31D8AF28100C81EAD /* Assets.xcassets */ = {isa = PBXFileReference; lastKnownFileType = folder.assetcatalog; path = Assets.xcassets; sourceTree = "<group>"; };
		1684CBE61D8AF28100C81EAD /* Base */ = {isa = PBXFileReference; lastKnownFileType = file.storyboard; name = Base; path = Base.lproj/LaunchScreen.storyboard; sourceTree = "<group>"; };
		1684CBE81D8AF28100C81EAD /* Info.plist */ = {isa = PBXFileReference; lastKnownFileType = text.plist.xml; path = Info.plist; sourceTree = "<group>"; };
		1684CBEF1D8AF4E300C81EAD /* GoogleService-Info.plist */ = {isa = PBXFileReference; fileEncoding = 4; lastKnownFileType = text.plist.xml; path = "GoogleService-Info.plist"; sourceTree = "<group>"; };
		16C85CA41D8B1582004C7908 /* Yahoo.ttf */ = {isa = PBXFileReference; lastKnownFileType = file; path = Yahoo.ttf; sourceTree = "<group>"; };
		65E4F93F22EDA7139CED9927 /* Pods_Plink.framework */ = {isa = PBXFileReference; explicitFileType = wrapper.framework; includeInIndex = 0; path = Pods_Plink.framework; sourceTree = BUILT_PRODUCTS_DIR; };
		9B6A623534270C2436300835 /* Pods-Plink.debug.xcconfig */ = {isa = PBXFileReference; includeInIndex = 1; lastKnownFileType = text.xcconfig; name = "Pods-Plink.debug.xcconfig"; path = "Pods/Target Support Files/Pods-Plink/Pods-Plink.debug.xcconfig"; sourceTree = "<group>"; };
		B288FC75A88B1E5E1CE66F95 /* Pods-Plink.release.xcconfig */ = {isa = PBXFileReference; includeInIndex = 1; lastKnownFileType = text.xcconfig; name = "Pods-Plink.release.xcconfig"; path = "Pods/Target Support Files/Pods-Plink/Pods-Plink.release.xcconfig"; sourceTree = "<group>"; };
/* End PBXFileReference section */

/* Begin PBXFrameworksBuildPhase section */
		1684CBD61D8AF28100C81EAD /* Frameworks */ = {
			isa = PBXFrameworksBuildPhase;
			buildActionMask = 2147483647;
			files = (
				A2F4ED983675C6598CC1EC60 /* Pods_Plink.framework in Frameworks */,
			);
			runOnlyForDeploymentPostprocessing = 0;
		};
/* End PBXFrameworksBuildPhase section */

/* Begin PBXGroup section */
		019D371BA29E9275205ABCBB /* Frameworks */ = {
			isa = PBXGroup;
			children = (
				65E4F93F22EDA7139CED9927 /* Pods_Plink.framework */,
			);
			name = Frameworks;
			sourceTree = "<group>";
		};
		1684CBD01D8AF28000C81EAD = {
			isa = PBXGroup;
			children = (
				1684CBDB1D8AF28100C81EAD /* Plink */,
				1684CBDA1D8AF28100C81EAD /* Products */,
				F8067C62358A827E4E5E680D /* Pods */,
				019D371BA29E9275205ABCBB /* Frameworks */,
			);
			sourceTree = "<group>";
		};
		1684CBDA1D8AF28100C81EAD /* Products */ = {
			isa = PBXGroup;
			children = (
				1684CBD91D8AF28100C81EAD /* Plink.app */,
			);
			name = Products;
			sourceTree = "<group>";
		};
		1684CBDB1D8AF28100C81EAD /* Plink */ = {
			isa = PBXGroup;
			children = (
				16C85CA31D8B156A004C7908 /* Resources */,
				16C85C9F1D8AFB57004C7908 /* Model */,
				16C85CA11D8AFB6E004C7908 /* Controller */,
				16C85CA01D8AFB63004C7908 /* View */,
				1684CBDC1D8AF28100C81EAD /* AppDelegate.swift */,
				1684CBE01D8AF28100C81EAD /* Main.storyboard */,
				1684CBE31D8AF28100C81EAD /* Assets.xcassets */,
				1684CBE51D8AF28100C81EAD /* LaunchScreen.storyboard */,
				1684CBE81D8AF28100C81EAD /* Info.plist */,
				1684CBEF1D8AF4E300C81EAD /* GoogleService-Info.plist */,
			);
			path = Plink;
			sourceTree = "<group>";
		};
		16C85C9F1D8AFB57004C7908 /* Model */ = {
			isa = PBXGroup;
			children = (
			);
			name = Model;
			sourceTree = "<group>";
		};
		16C85CA01D8AFB63004C7908 /* View */ = {
			isa = PBXGroup;
			children = (
			);
			name = View;
			sourceTree = "<group>";
		};
		16C85CA11D8AFB6E004C7908 /* Controller */ = {
			isa = PBXGroup;
			children = (
				1684CBDE1D8AF28100C81EAD /* SignInVC.swift */,
			);
			name = Controller;
			sourceTree = "<group>";
		};
		16C85CA31D8B156A004C7908 /* Resources */ = {
			isa = PBXGroup;
			children = (
				16C85CA41D8B1582004C7908 /* Yahoo.ttf */,
			);
			name = Resources;
			sourceTree = "<group>";
		};
		F8067C62358A827E4E5E680D /* Pods */ = {
			isa = PBXGroup;
			children = (
				9B6A623534270C2436300835 /* Pods-Plink.debug.xcconfig */,
				B288FC75A88B1E5E1CE66F95 /* Pods-Plink.release.xcconfig */,
			);
			name = Pods;
			sourceTree = "<group>";
		};
/* End PBXGroup section */

/* Begin PBXNativeTarget section */
		1684CBD81D8AF28100C81EAD /* Plink */ = {
			isa = PBXNativeTarget;
			buildConfigurationList = 1684CBEB1D8AF28100C81EAD /* Build configuration list for PBXNativeTarget "Plink" */;
			buildPhases = (
				9772AFAF40CE76D9617E8B03 /* [CP] Check Pods Manifest.lock */,
				1684CBD51D8AF28100C81EAD /* Sources */,
				1684CBD61D8AF28100C81EAD /* Frameworks */,
				1684CBD71D8AF28100C81EAD /* Resources */,
				776F1426FC8E80109FCE6DED /* [CP] Embed Pods Frameworks */,
				FFBF902B0802CCF7EFD65B47 /* [CP] Copy Pods Resources */,
			);
			buildRules = (
			);
			dependencies = (
			);
			name = Plink;
			productName = Plink;
			productReference = 1684CBD91D8AF28100C81EAD /* Plink.app */;
			productType = "com.apple.product-type.application";
		};
/* End PBXNativeTarget section */

/* Begin PBXProject section */
		1684CBD11D8AF28000C81EAD /* Project object */ = {
			isa = PBXProject;
			attributes = {
				LastSwiftUpdateCheck = 0800;
				LastUpgradeCheck = 0800;
				ORGANIZATIONNAME = StudioATX;
				TargetAttributes = {
					1684CBD81D8AF28100C81EAD = {
						CreatedOnToolsVersion = 8.0;
						DevelopmentTeam = 8S8H54VKPE;
						ProvisioningStyle = Automatic;
					};
				};
			};
			buildConfigurationList = 1684CBD41D8AF28100C81EAD /* Build configuration list for PBXProject "Plink" */;
			compatibilityVersion = "Xcode 3.2";
			developmentRegion = English;
			hasScannedForEncodings = 0;
			knownRegions = (
				en,
				Base,
			);
			mainGroup = 1684CBD01D8AF28000C81EAD;
			productRefGroup = 1684CBDA1D8AF28100C81EAD /* Products */;
			projectDirPath = "";
			projectRoot = "";
			targets = (
				1684CBD81D8AF28100C81EAD /* Plink */,
			);
		};
/* End PBXProject section */

/* Begin PBXResourcesBuildPhase section */
		1684CBD71D8AF28100C81EAD /* Resources */ = {
			isa = PBXResourcesBuildPhase;
			buildActionMask = 2147483647;
			files = (
				16C85CA51D8B15F2004C7908 /* Yahoo.ttf in Resources */,
				1684CBE71D8AF28100C81EAD /* LaunchScreen.storyboard in Resources */,
				1684CBF01D8AF4E300C81EAD /* GoogleService-Info.plist in Resources */,
				1684CBE41D8AF28100C81EAD /* Assets.xcassets in Resources */,
				1684CBE21D8AF28100C81EAD /* Main.storyboard in Resources */,
			);
			runOnlyForDeploymentPostprocessing = 0;
		};
/* End PBXResourcesBuildPhase section */

/* Begin PBXShellScriptBuildPhase section */
		776F1426FC8E80109FCE6DED /* [CP] Embed Pods Frameworks */ = {
			isa = PBXShellScriptBuildPhase;
			buildActionMask = 2147483647;
			files = (
			);
			inputPaths = (
			);
			name = "[CP] Embed Pods Frameworks";
			outputPaths = (
			);
			runOnlyForDeploymentPostprocessing = 0;
			shellPath = /bin/sh;
			shellScript = "\"${SRCROOT}/Pods/Target Support Files/Pods-Plink/Pods-Plink-frameworks.sh\"\n";
			showEnvVarsInLog = 0;
		};
		9772AFAF40CE76D9617E8B03 /* [CP] Check Pods Manifest.lock */ = {
			isa = PBXShellScriptBuildPhase;
			buildActionMask = 2147483647;
			files = (
			);
			inputPaths = (
			);
			name = "[CP] Check Pods Manifest.lock";
			outputPaths = (
			);
			runOnlyForDeploymentPostprocessing = 0;
			shellPath = /bin/sh;
			shellScript = "diff \"${PODS_ROOT}/../Podfile.lock\" \"${PODS_ROOT}/Manifest.lock\" > /dev/null\nif [[ $? != 0 ]] ; then\n    cat << EOM\nerror: The sandbox is not in sync with the Podfile.lock. Run 'pod install' or update your CocoaPods installation.\nEOM\n    exit 1\nfi\n";
			showEnvVarsInLog = 0;
		};
		FFBF902B0802CCF7EFD65B47 /* [CP] Copy Pods Resources */ = {
			isa = PBXShellScriptBuildPhase;
			buildActionMask = 2147483647;
			files = (
			);
			inputPaths = (
			);
			name = "[CP] Copy Pods Resources";
			outputPaths = (
			);
			runOnlyForDeploymentPostprocessing = 0;
			shellPath = /bin/sh;
			shellScript = "\"${SRCROOT}/Pods/Target Support Files/Pods-Plink/Pods-Plink-resources.sh\"\n";
			showEnvVarsInLog = 0;
		};
/* End PBXShellScriptBuildPhase section */

/* Begin PBXSourcesBuildPhase section */
		1684CBD51D8AF28100C81EAD /* Sources */ = {
			isa = PBXSourcesBuildPhase;
			buildActionMask = 2147483647;
			files = (
				1684CBDF1D8AF28100C81EAD /* SignInVC.swift in Sources */,
				1684CBDD1D8AF28100C81EAD /* AppDelegate.swift in Sources */,
			);
			runOnlyForDeploymentPostprocessing = 0;
		};
/* End PBXSourcesBuildPhase section */

/* Begin PBXVariantGroup section */
		1684CBE01D8AF28100C81EAD /* Main.storyboard */ = {
			isa = PBXVariantGroup;
			children = (
				1684CBE11D8AF28100C81EAD /* Base */,
			);
			name = Main.storyboard;
			sourceTree = "<group>";
		};
		1684CBE51D8AF28100C81EAD /* LaunchScreen.storyboard */ = {
			isa = PBXVariantGroup;
			children = (
				1684CBE61D8AF28100C81EAD /* Base */,
			);
			name = LaunchScreen.storyboard;
			sourceTree = "<group>";
		};
/* End PBXVariantGroup section */

/* Begin XCBuildConfiguration section */
		1684CBE91D8AF28100C81EAD /* Debug */ = {
			isa = XCBuildConfiguration;
			buildSettings = {
				ALWAYS_SEARCH_USER_PATHS = NO;
				CLANG_ANALYZER_NONNULL = YES;
				CLANG_CXX_LANGUAGE_STANDARD = "gnu++0x";
				CLANG_CXX_LIBRARY = "libc++";
				CLANG_ENABLE_MODULES = YES;
				CLANG_ENABLE_OBJC_ARC = YES;
				CLANG_WARN_BOOL_CONVERSION = YES;
				CLANG_WARN_CONSTANT_CONVERSION = YES;
				CLANG_WARN_DIRECT_OBJC_ISA_USAGE = YES_ERROR;
				CLANG_WARN_DOCUMENTATION_COMMENTS = YES;
				CLANG_WARN_EMPTY_BODY = YES;
				CLANG_WARN_ENUM_CONVERSION = YES;
				CLANG_WARN_INFINITE_RECURSION = YES;
				CLANG_WARN_INT_CONVERSION = YES;
				CLANG_WARN_OBJC_ROOT_CLASS = YES_ERROR;
				CLANG_WARN_SUSPICIOUS_MOVE = YES;
				CLANG_WARN_SUSPICIOUS_MOVES = YES;
				CLANG_WARN_UNREACHABLE_CODE = YES;
				CLANG_WARN__DUPLICATE_METHOD_MATCH = YES;
				"CODE_SIGN_IDENTITY[sdk=iphoneos*]" = "iPhone Developer";
				COPY_PHASE_STRIP = NO;
				DEBUG_INFORMATION_FORMAT = dwarf;
				ENABLE_STRICT_OBJC_MSGSEND = YES;
				ENABLE_TESTABILITY = YES;
				GCC_C_LANGUAGE_STANDARD = gnu99;
				GCC_DYNAMIC_NO_PIC = NO;
				GCC_NO_COMMON_BLOCKS = YES;
				GCC_OPTIMIZATION_LEVEL = 0;
				GCC_PREPROCESSOR_DEFINITIONS = (
					"DEBUG=1",
					"$(inherited)",
				);
				GCC_WARN_64_TO_32_BIT_CONVERSION = YES;
				GCC_WARN_ABOUT_RETURN_TYPE = YES_ERROR;
				GCC_WARN_UNDECLARED_SELECTOR = YES;
				GCC_WARN_UNINITIALIZED_AUTOS = YES_AGGRESSIVE;
				GCC_WARN_UNUSED_FUNCTION = YES;
				GCC_WARN_UNUSED_VARIABLE = YES;
				IPHONEOS_DEPLOYMENT_TARGET = 10.0;
				MTL_ENABLE_DEBUG_INFO = YES;
				ONLY_ACTIVE_ARCH = YES;
				SDKROOT = iphoneos;
				SWIFT_ACTIVE_COMPILATION_CONDITIONS = DEBUG;
				SWIFT_OPTIMIZATION_LEVEL = "-Onone";
				TARGETED_DEVICE_FAMILY = "1,2";
			};
			name = Debug;
		};
		1684CBEA1D8AF28100C81EAD /* Release */ = {
			isa = XCBuildConfiguration;
			buildSettings = {
				ALWAYS_SEARCH_USER_PATHS = NO;
				CLANG_ANALYZER_NONNULL = YES;
				CLANG_CXX_LANGUAGE_STANDARD = "gnu++0x";
				CLANG_CXX_LIBRARY = "libc++";
				CLANG_ENABLE_MODULES = YES;
				CLANG_ENABLE_OBJC_ARC = YES;
				CLANG_WARN_BOOL_CONVERSION = YES;
				CLANG_WARN_CONSTANT_CONVERSION = YES;
				CLANG_WARN_DIRECT_OBJC_ISA_USAGE = YES_ERROR;
				CLANG_WARN_DOCUMENTATION_COMMENTS = YES;
				CLANG_WARN_EMPTY_BODY = YES;
				CLANG_WARN_ENUM_CONVERSION = YES;
				CLANG_WARN_INFINITE_RECURSION = YES;
				CLANG_WARN_INT_CONVERSION = YES;
				CLANG_WARN_OBJC_ROOT_CLASS = YES_ERROR;
				CLANG_WARN_SUSPICIOUS_MOVE = YES;
				CLANG_WARN_SUSPICIOUS_MOVES = YES;
				CLANG_WARN_UNREACHABLE_CODE = YES;
				CLANG_WARN__DUPLICATE_METHOD_MATCH = YES;
				"CODE_SIGN_IDENTITY[sdk=iphoneos*]" = "iPhone Developer";
				COPY_PHASE_STRIP = NO;
				DEBUG_INFORMATION_FORMAT = "dwarf-with-dsym";
				ENABLE_NS_ASSERTIONS = NO;
				ENABLE_STRICT_OBJC_MSGSEND = YES;
				GCC_C_LANGUAGE_STANDARD = gnu99;
				GCC_NO_COMMON_BLOCKS = YES;
				GCC_WARN_64_TO_32_BIT_CONVERSION = YES;
				GCC_WARN_ABOUT_RETURN_TYPE = YES_ERROR;
				GCC_WARN_UNDECLARED_SELECTOR = YES;
				GCC_WARN_UNINITIALIZED_AUTOS = YES_AGGRESSIVE;
				GCC_WARN_UNUSED_FUNCTION = YES;
				GCC_WARN_UNUSED_VARIABLE = YES;
				IPHONEOS_DEPLOYMENT_TARGET = 10.0;
				MTL_ENABLE_DEBUG_INFO = NO;
				SDKROOT = iphoneos;
				SWIFT_OPTIMIZATION_LEVEL = "-Owholemodule";
				TARGETED_DEVICE_FAMILY = "1,2";
				VALIDATE_PRODUCT = YES;
			};
			name = Release;
		};
		1684CBEC1D8AF28100C81EAD /* Debug */ = {
			isa = XCBuildConfiguration;
			baseConfigurationReference = 9B6A623534270C2436300835 /* Pods-Plink.debug.xcconfig */;
			buildSettings = {
				ASSETCATALOG_COMPILER_APPICON_NAME = AppIcon;
				DEVELOPMENT_TEAM = 8S8H54VKPE;
				INFOPLIST_FILE = Plink/Info.plist;
				LD_RUNPATH_SEARCH_PATHS = "$(inherited) @executable_path/Frameworks";
				PRODUCT_BUNDLE_IDENTIFIER = com.studioatx.Plink;
				PRODUCT_NAME = "$(TARGET_NAME)";
				SWIFT_VERSION = 3.0;
			};
			name = Debug;
		};
		1684CBED1D8AF28100C81EAD /* Release */ = {
			isa = XCBuildConfiguration;
			baseConfigurationReference = B288FC75A88B1E5E1CE66F95 /* Pods-Plink.release.xcconfig */;
			buildSettings = {
				ASSETCATALOG_COMPILER_APPICON_NAME = AppIcon;
				DEVELOPMENT_TEAM = 8S8H54VKPE;
				INFOPLIST_FILE = Plink/Info.plist;
				LD_RUNPATH_SEARCH_PATHS = "$(inherited) @executable_path/Frameworks";
				PRODUCT_BUNDLE_IDENTIFIER = com.studioatx.Plink;
				PRODUCT_NAME = "$(TARGET_NAME)";
				SWIFT_VERSION = 3.0;
			};
			name = Release;
		};
/* End XCBuildConfiguration section */

/* Begin XCConfigurationList section */
		1684CBD41D8AF28100C81EAD /* Build configuration list for PBXProject "Plink" */ = {
			isa = XCConfigurationList;
			buildConfigurations = (
				1684CBE91D8AF28100C81EAD /* Debug */,
				1684CBEA1D8AF28100C81EAD /* Release */,
			);
			defaultConfigurationIsVisible = 0;
			defaultConfigurationName = Release;
		};
		1684CBEB1D8AF28100C81EAD /* Build configuration list for PBXNativeTarget "Plink" */ = {
			isa = XCConfigurationList;
			buildConfigurations = (
				1684CBEC1D8AF28100C81EAD /* Debug */,
				1684CBED1D8AF28100C81EAD /* Release */,
			);
			defaultConfigurationIsVisible = 0;
			defaultConfigurationName = Release;
		};
/* End XCConfigurationList section */
	};
	rootObject = 1684CBD11D8AF28000C81EAD /* Project object */;
}
